// !$*UTF8*$!
{
	archiveVersion = 1;
	classes = {
	};
	objectVersion = 46;
	objects = {

/* Begin PBXAggregateTarget section */
		BE72ECA31352F10600B09E39 /* Distribution */ = {
			isa = PBXAggregateTarget;
			buildConfigurationList = BE72ECB11352F10800B09E39 /* Build configuration list for PBXAggregateTarget "Distribution" */;
			buildPhases = (
				BE72ECA21352F10600B09E39 /* ShellScript */,
			);
			dependencies = (
			);
			name = Distribution;
			productName = Distribution;
		};
/* End PBXAggregateTarget section */

/* Begin PBXBuildFile section */
		1DDD58160DA1D0A300B32029 /* MainMenu.xib in Resources */ = {isa = PBXBuildFile; fileRef = 1DDD58140DA1D0A300B32029 /* MainMenu.xib */; };
		256AC3DA0F4B6AC300CF3369 /* SubFinderAppDelegate.m in Sources */ = {isa = PBXBuildFile; fileRef = 256AC3D90F4B6AC300CF3369 /* SubFinderAppDelegate.m */; };
		8D11072B0486CEB800E47090 /* InfoPlist.strings in Resources */ = {isa = PBXBuildFile; fileRef = 089C165CFE840E0CC02AAC07 /* InfoPlist.strings */; };
		8D11072D0486CEB800E47090 /* main.m in Sources */ = {isa = PBXBuildFile; fileRef = 29B97316FDCFA39411CA2CEA /* main.m */; settings = {ATTRIBUTES = (); }; };
		8D11072F0486CEB800E47090 /* Cocoa.framework in Frameworks */ = {isa = PBXBuildFile; fileRef = 1058C7A1FEA54F0111CA2CBB /* Cocoa.framework */; };
		BE4081D0138100EB00753391 /* Unzipper.m in Sources */ = {isa = PBXBuildFile; fileRef = BE4081CF138100EB00753391 /* Unzipper.m */; };
		BE4BDFFB1369EC5E00078374 /* SubSource.m in Sources */ = {isa = PBXBuildFile; fileRef = BE4BDFFA1369EC5E00078374 /* SubSource.m */; };
		BE4BDFFE1369ED6900078374 /* SubFile.m in Sources */ = {isa = PBXBuildFile; fileRef = BE4BDFFD1369ED6800078374 /* SubFile.m */; };
		BE4BE0011369EDBA00078374 /* Logger.m in Sources */ = {isa = PBXBuildFile; fileRef = BE4BE0001369EDBA00078374 /* Logger.m */; };
		BE888D5B132BBA7A00191768 /* RegexKit.framework in Frameworks */ = {isa = PBXBuildFile; fileRef = BE888D5A132BBA7A00191768 /* RegexKit.framework */; };
		BE888D68132BBB2C00191768 /* HTMLNode.m in Sources */ = {isa = PBXBuildFile; fileRef = BE888D65132BBB2C00191768 /* HTMLNode.m */; };
		BE888D69132BBB2C00191768 /* HTMLParser.m in Sources */ = {isa = PBXBuildFile; fileRef = BE888D66132BBB2C00191768 /* HTMLParser.m */; };
		BEB4A75F135DB0BF004CF7C9 /* SubFinderTest.m in Sources */ = {isa = PBXBuildFile; fileRef = BEB4A75E135DB0BF004CF7C9 /* SubFinderTest.m */; };
		BED19398132BD56000C47033 /* RegexKit.framework in CopyFiles */ = {isa = PBXBuildFile; fileRef = BE888D5A132BBA7A00191768 /* RegexKit.framework */; };
		BEFE5404133E122200FD95C8 /* Sparkle.framework in Frameworks */ = {isa = PBXBuildFile; fileRef = BEFE5403133E122200FD95C8 /* Sparkle.framework */; };
		BEFE5426133E126C00FD95C8 /* Sparkle.framework in CopyFiles */ = {isa = PBXBuildFile; fileRef = BEFE5403133E122200FD95C8 /* Sparkle.framework */; };
		BEFE5430133E146400FD95C8 /* dsa_pub.pem in Resources */ = {isa = PBXBuildFile; fileRef = BEFE542F133E146400FD95C8 /* dsa_pub.pem */; };
		BEFE5433133E350400FD95C8 /* SubFinder.icns in Resources */ = {isa = PBXBuildFile; fileRef = BEFE5432133E350400FD95C8 /* SubFinder.icns */; };
/* End PBXBuildFile section */

/* Begin PBXContainerItemProxy section */
		BE40824A138127B400753391 /* PBXContainerItemProxy */ = {
			isa = PBXContainerItemProxy;
			containerPortal = 29B97313FDCFA39411CA2CEA /* Project object */;
			proxyType = 1;
			remoteGlobalIDString = 8D1107260486CEB800E47090;
			remoteInfo = SubFinder;
		};
/* End PBXContainerItemProxy section */

/* Begin PBXCopyFilesBuildPhase section */
		BED19396132BD53D00C47033 /* CopyFiles */ = {
			isa = PBXCopyFilesBuildPhase;
			buildActionMask = 2147483647;
			dstPath = "";
			dstSubfolderSpec = 10;
			files = (
				BEFE5426133E126C00FD95C8 /* Sparkle.framework in CopyFiles */,
				BED19398132BD56000C47033 /* RegexKit.framework in CopyFiles */,
			);
			runOnlyForDeploymentPostprocessing = 0;
		};
/* End PBXCopyFilesBuildPhase section */

/* Begin PBXFileReference section */
		089C165DFE840E0CC02AAC07 /* English */ = {isa = PBXFileReference; fileEncoding = 4; lastKnownFileType = text.plist.strings; name = English; path = English.lproj/InfoPlist.strings; sourceTree = "<group>"; };
		1058C7A1FEA54F0111CA2CBB /* Cocoa.framework */ = {isa = PBXFileReference; lastKnownFileType = wrapper.framework; name = Cocoa.framework; path = /System/Library/Frameworks/Cocoa.framework; sourceTree = "<absolute>"; };
		13E42FB307B3F0F600E4EEF1 /* CoreData.framework */ = {isa = PBXFileReference; lastKnownFileType = wrapper.framework; name = CoreData.framework; path = /System/Library/Frameworks/CoreData.framework; sourceTree = "<absolute>"; };
		1DDD58150DA1D0A300B32029 /* English */ = {isa = PBXFileReference; lastKnownFileType = file.xib; name = English; path = English.lproj/MainMenu.xib; sourceTree = "<group>"; };
		256AC3D80F4B6AC300CF3369 /* SubFinderAppDelegate.h */ = {isa = PBXFileReference; fileEncoding = 4; lastKnownFileType = sourcecode.c.h; path = SubFinderAppDelegate.h; sourceTree = "<group>"; };
		256AC3D90F4B6AC300CF3369 /* SubFinderAppDelegate.m */ = {isa = PBXFileReference; fileEncoding = 4; lastKnownFileType = sourcecode.c.objc; path = SubFinderAppDelegate.m; sourceTree = "<group>"; };
		256AC3F00F4B6AF500CF3369 /* SubFinder_Prefix.pch */ = {isa = PBXFileReference; fileEncoding = 4; lastKnownFileType = sourcecode.c.h; path = SubFinder_Prefix.pch; sourceTree = "<group>"; };
		29B97316FDCFA39411CA2CEA /* main.m */ = {isa = PBXFileReference; fileEncoding = 4; lastKnownFileType = sourcecode.c.objc; path = main.m; sourceTree = "<group>"; };
		29B97324FDCFA39411CA2CEA /* AppKit.framework */ = {isa = PBXFileReference; lastKnownFileType = wrapper.framework; name = AppKit.framework; path = /System/Library/Frameworks/AppKit.framework; sourceTree = "<absolute>"; };
		29B97325FDCFA39411CA2CEA /* Foundation.framework */ = {isa = PBXFileReference; lastKnownFileType = wrapper.framework; name = Foundation.framework; path = /System/Library/Frameworks/Foundation.framework; sourceTree = "<absolute>"; };
		8D1107310486CEB800E47090 /* SubFinder-Info.plist */ = {isa = PBXFileReference; fileEncoding = 4; lastKnownFileType = text.plist.xml; path = "SubFinder-Info.plist"; sourceTree = "<group>"; };
		8D1107320486CEB800E47090 /* SubFinder.app */ = {isa = PBXFileReference; explicitFileType = wrapper.application; includeInIndex = 0; path = SubFinder.app; sourceTree = BUILT_PRODUCTS_DIR; };
		BE4081CE138100EB00753391 /* Unzipper.h */ = {isa = PBXFileReference; fileEncoding = 4; lastKnownFileType = sourcecode.c.h; path = Unzipper.h; sourceTree = "<group>"; };
		BE4081CF138100EB00753391 /* Unzipper.m */ = {isa = PBXFileReference; fileEncoding = 4; lastKnownFileType = sourcecode.c.objc; path = Unzipper.m; sourceTree = "<group>"; };
		BE4BDFF91369EC5E00078374 /* SubSource.h */ = {isa = PBXFileReference; fileEncoding = 4; lastKnownFileType = sourcecode.c.h; path = SubSource.h; sourceTree = "<group>"; };
		BE4BDFFA1369EC5E00078374 /* SubSource.m */ = {isa = PBXFileReference; fileEncoding = 4; lastKnownFileType = sourcecode.c.objc; path = SubSource.m; sourceTree = "<group>"; };
		BE4BDFFC1369ED6800078374 /* SubFile.h */ = {isa = PBXFileReference; fileEncoding = 4; lastKnownFileType = sourcecode.c.h; path = SubFile.h; sourceTree = "<group>"; };
		BE4BDFFD1369ED6800078374 /* SubFile.m */ = {isa = PBXFileReference; fileEncoding = 4; lastKnownFileType = sourcecode.c.objc; path = SubFile.m; sourceTree = "<group>"; };
		BE4BDFFF1369EDBA00078374 /* Logger.h */ = {isa = PBXFileReference; fileEncoding = 4; lastKnownFileType = sourcecode.c.h; path = Logger.h; sourceTree = "<group>"; };
		BE4BE0001369EDBA00078374 /* Logger.m */ = {isa = PBXFileReference; fileEncoding = 4; lastKnownFileType = sourcecode.c.objc; path = Logger.m; sourceTree = "<group>"; };
		BE888D5A132BBA7A00191768 /* RegexKit.framework */ = {isa = PBXFileReference; lastKnownFileType = wrapper.framework; name = RegexKit.framework; path = Local/Frameworks/RegexKit.framework; sourceTree = DEVELOPER_DIR; };
		BE888D64132BBB2C00191768 /* HTMLNode.h */ = {isa = PBXFileReference; fileEncoding = 4; lastKnownFileType = sourcecode.c.h; path = HTMLNode.h; sourceTree = "<group>"; };
		BE888D65132BBB2C00191768 /* HTMLNode.m */ = {isa = PBXFileReference; fileEncoding = 4; lastKnownFileType = sourcecode.c.objc; path = HTMLNode.m; sourceTree = "<group>"; };
		BE888D66132BBB2C00191768 /* HTMLParser.m */ = {isa = PBXFileReference; fileEncoding = 4; lastKnownFileType = sourcecode.c.objc; path = HTMLParser.m; sourceTree = "<group>"; };
		BE888D67132BBB2C00191768 /* HTMLParser.h */ = {isa = PBXFileReference; fileEncoding = 4; lastKnownFileType = sourcecode.c.h; path = HTMLParser.h; sourceTree = "<group>"; };
		BEB4A74E135DAEDE004CF7C9 /* UnitTests.octest */ = {isa = PBXFileReference; explicitFileType = wrapper.cfbundle; includeInIndex = 0; path = UnitTests.octest; sourceTree = BUILT_PRODUCTS_DIR; };
		BEB4A74F135DAEDE004CF7C9 /* UnitTests-Info.plist */ = {isa = PBXFileReference; lastKnownFileType = text.plist.xml; path = "UnitTests-Info.plist"; sourceTree = "<group>"; };
		BEB4A75E135DB0BF004CF7C9 /* SubFinderTest.m */ = {isa = PBXFileReference; fileEncoding = 4; lastKnownFileType = sourcecode.c.objc; path = SubFinderTest.m; sourceTree = "<group>"; };
		BEFE5403133E122200FD95C8 /* Sparkle.framework */ = {isa = PBXFileReference; lastKnownFileType = wrapper.framework; path = Sparkle.framework; sourceTree = "<group>"; };
		BEFE542F133E146400FD95C8 /* dsa_pub.pem */ = {isa = PBXFileReference; fileEncoding = 4; lastKnownFileType = text; path = dsa_pub.pem; sourceTree = "<group>"; };
		BEFE5432133E350400FD95C8 /* SubFinder.icns */ = {isa = PBXFileReference; lastKnownFileType = image.icns; path = SubFinder.icns; sourceTree = "<group>"; };
/* End PBXFileReference section */

/* Begin PBXFrameworksBuildPhase section */
		8D11072E0486CEB800E47090 /* Frameworks */ = {
			isa = PBXFrameworksBuildPhase;
			buildActionMask = 2147483647;
			files = (
				8D11072F0486CEB800E47090 /* Cocoa.framework in Frameworks */,
				BE888D5B132BBA7A00191768 /* RegexKit.framework in Frameworks */,
				BEFE5404133E122200FD95C8 /* Sparkle.framework in Frameworks */,
			);
			runOnlyForDeploymentPostprocessing = 0;
		};
		BEB4A74B135DAEDE004CF7C9 /* Frameworks */ = {
			isa = PBXFrameworksBuildPhase;
			buildActionMask = 2147483647;
			files = (
			);
			runOnlyForDeploymentPostprocessing = 0;
		};
/* End PBXFrameworksBuildPhase section */

/* Begin PBXGroup section */
		080E96DDFE201D6D7F000001 /* Classes */ = {
			isa = PBXGroup;
			children = (
				BE4081CE138100EB00753391 /* Unzipper.h */,
				BE4081CF138100EB00753391 /* Unzipper.m */,
				BE888D64132BBB2C00191768 /* HTMLNode.h */,
				BE888D65132BBB2C00191768 /* HTMLNode.m */,
				BE888D66132BBB2C00191768 /* HTMLParser.m */,
				BE888D67132BBB2C00191768 /* HTMLParser.h */,
				256AC3D80F4B6AC300CF3369 /* SubFinderAppDelegate.h */,
				256AC3D90F4B6AC300CF3369 /* SubFinderAppDelegate.m */,
				BE4BDFF91369EC5E00078374 /* SubSource.h */,
				BE4BDFFA1369EC5E00078374 /* SubSource.m */,
				BE4BDFFC1369ED6800078374 /* SubFile.h */,
				BE4BDFFD1369ED6800078374 /* SubFile.m */,
				BE4BDFFF1369EDBA00078374 /* Logger.h */,
				BE4BE0001369EDBA00078374 /* Logger.m */,
			);
			name = Classes;
			sourceTree = "<group>";
		};
		1058C7A0FEA54F0111CA2CBB /* Linked Frameworks */ = {
			isa = PBXGroup;
			children = (
				BEFE5403133E122200FD95C8 /* Sparkle.framework */,
				BE888D5A132BBA7A00191768 /* RegexKit.framework */,
				1058C7A1FEA54F0111CA2CBB /* Cocoa.framework */,
			);
			name = "Linked Frameworks";
			sourceTree = "<group>";
		};
		1058C7A2FEA54F0111CA2CBB /* Other Frameworks */ = {
			isa = PBXGroup;
			children = (
				29B97324FDCFA39411CA2CEA /* AppKit.framework */,
				13E42FB307B3F0F600E4EEF1 /* CoreData.framework */,
				29B97325FDCFA39411CA2CEA /* Foundation.framework */,
			);
			name = "Other Frameworks";
			sourceTree = "<group>";
		};
		19C28FACFE9D520D11CA2CBB /* Products */ = {
			isa = PBXGroup;
			children = (
				8D1107320486CEB800E47090 /* SubFinder.app */,
				BEB4A74E135DAEDE004CF7C9 /* UnitTests.octest */,
			);
			name = Products;
			sourceTree = "<group>";
		};
		29B97314FDCFA39411CA2CEA /* SubFinder */ = {
			isa = PBXGroup;
			children = (
				BEB4A75B135DB049004CF7C9 /* TestClasses */,
				080E96DDFE201D6D7F000001 /* Classes */,
				29B97315FDCFA39411CA2CEA /* Other Sources */,
				29B97317FDCFA39411CA2CEA /* Resources */,
				29B97323FDCFA39411CA2CEA /* Frameworks */,
				19C28FACFE9D520D11CA2CBB /* Products */,
				BEB4A74F135DAEDE004CF7C9 /* UnitTests-Info.plist */,
			);
			name = SubFinder;
			sourceTree = "<group>";
		};
		29B97315FDCFA39411CA2CEA /* Other Sources */ = {
			isa = PBXGroup;
			children = (
				256AC3F00F4B6AF500CF3369 /* SubFinder_Prefix.pch */,
				29B97316FDCFA39411CA2CEA /* main.m */,
			);
			name = "Other Sources";
			sourceTree = "<group>";
		};
		29B97317FDCFA39411CA2CEA /* Resources */ = {
			isa = PBXGroup;
			children = (
				BEFE5432133E350400FD95C8 /* SubFinder.icns */,
				BEFE542F133E146400FD95C8 /* dsa_pub.pem */,
				8D1107310486CEB800E47090 /* SubFinder-Info.plist */,
				089C165CFE840E0CC02AAC07 /* InfoPlist.strings */,
				1DDD58140DA1D0A300B32029 /* MainMenu.xib */,
			);
			name = Resources;
			sourceTree = "<group>";
		};
		29B97323FDCFA39411CA2CEA /* Frameworks */ = {
			isa = PBXGroup;
			children = (
				1058C7A0FEA54F0111CA2CBB /* Linked Frameworks */,
				1058C7A2FEA54F0111CA2CBB /* Other Frameworks */,
			);
			name = Frameworks;
			sourceTree = "<group>";
		};
		BEB4A75B135DB049004CF7C9 /* TestClasses */ = {
			isa = PBXGroup;
			children = (
				BEB4A75E135DB0BF004CF7C9 /* SubFinderTest.m */,
			);
			name = TestClasses;
			sourceTree = "<group>";
		};
/* End PBXGroup section */

/* Begin PBXNativeTarget section */
		8D1107260486CEB800E47090 /* SubFinder */ = {
			isa = PBXNativeTarget;
			buildConfigurationList = C01FCF4A08A954540054247B /* Build configuration list for PBXNativeTarget "SubFinder" */;
			buildPhases = (
				8D1107290486CEB800E47090 /* Resources */,
				8D11072C0486CEB800E47090 /* Sources */,
				8D11072E0486CEB800E47090 /* Frameworks */,
				BED19396132BD53D00C47033 /* CopyFiles */,
			);
			buildRules = (
			);
			dependencies = (
			);
			name = SubFinder;
			productInstallPath = "$(HOME)/Applications";
			productName = SubFinder;
			productReference = 8D1107320486CEB800E47090 /* SubFinder.app */;
			productType = "com.apple.product-type.application";
		};
		BEB4A74D135DAEDE004CF7C9 /* UnitTests */ = {
			isa = PBXNativeTarget;
			buildConfigurationList = BEB4A752135DAEDE004CF7C9 /* Build configuration list for PBXNativeTarget "UnitTests" */;
			buildPhases = (
				BEB4A749135DAEDE004CF7C9 /* Resources */,
				BEB4A74A135DAEDE004CF7C9 /* Sources */,
				BEB4A74B135DAEDE004CF7C9 /* Frameworks */,
				BEB4A74C135DAEDE004CF7C9 /* ShellScript */,
			);
			buildRules = (
			);
			dependencies = (
				BE40824B138127B400753391 /* PBXTargetDependency */,
			);
			name = UnitTests;
			productName = UnitTests;
			productReference = BEB4A74E135DAEDE004CF7C9 /* UnitTests.octest */;
			productType = "com.apple.product-type.bundle";
		};
/* End PBXNativeTarget section */

/* Begin PBXProject section */
		29B97313FDCFA39411CA2CEA /* Project object */ = {
			isa = PBXProject;
			attributes = {
				ORGANIZATIONNAME = SebCorbin;
			};
			buildConfigurationList = C01FCF4E08A954540054247B /* Build configuration list for PBXProject "SubFinder" */;
			compatibilityVersion = "Xcode 3.2";
			developmentRegion = English;
			hasScannedForEncodings = 1;
			knownRegions = (
				English,
				Japanese,
				French,
				German,
			);
			mainGroup = 29B97314FDCFA39411CA2CEA /* SubFinder */;
			projectDirPath = "";
			projectRoot = "";
			targets = (
				8D1107260486CEB800E47090 /* SubFinder */,
				BE72ECA31352F10600B09E39 /* Distribution */,
				BEB4A74D135DAEDE004CF7C9 /* UnitTests */,
			);
		};
/* End PBXProject section */

/* Begin PBXResourcesBuildPhase section */
		8D1107290486CEB800E47090 /* Resources */ = {
			isa = PBXResourcesBuildPhase;
			buildActionMask = 2147483647;
			files = (
				8D11072B0486CEB800E47090 /* InfoPlist.strings in Resources */,
				1DDD58160DA1D0A300B32029 /* MainMenu.xib in Resources */,
				BEFE5430133E146400FD95C8 /* dsa_pub.pem in Resources */,
				BEFE5433133E350400FD95C8 /* SubFinder.icns in Resources */,
			);
			runOnlyForDeploymentPostprocessing = 0;
		};
		BEB4A749135DAEDE004CF7C9 /* Resources */ = {
			isa = PBXResourcesBuildPhase;
			buildActionMask = 2147483647;
			files = (
			);
			runOnlyForDeploymentPostprocessing = 0;
		};
/* End PBXResourcesBuildPhase section */

/* Begin PBXShellScriptBuildPhase section */
		BE72ECA21352F10600B09E39 /* ShellScript */ = {
			isa = PBXShellScriptBuildPhase;
			buildActionMask = 2147483647;
			files = (
			);
			inputPaths = (
			);
			outputPaths = (
			);
			runOnlyForDeploymentPostprocessing = 0;
			shellPath = /bin/bash;
			shellScript = "set -o errexit\n\n[ $BUILD_STYLE = Release ] || { echo Distribution target requires \"'Release'\" build style; false; }\n\nVERSION=$(defaults read \"$BUILT_PRODUCTS_DIR/$PROJECT_NAME.app/Contents/Info\" CFBundleVersion)\nDOWNLOAD_BASE_URL=\"http://www.example.com/download/\"\nRELEASENOTES_URL=\"http://www.example.com/software/my-cool-app/release-notes.html#version-$VERSION\"\n\nARCHIVE_FILENAME=\"$PROJECT_NAME $VERSION.zip\"\nDOWNLOAD_URL=\"$DOWNLOAD_BASE_URL/$ARCHIVE_FILENAME\"\nKEYCHAIN_PRIVKEY_NAME=\"Sparkle Private Key 1\"\n\nWD=$PWD\ncd \"$BUILT_PRODUCTS_DIR\"\nrm -f \"$PROJECT_NAME\"*.zip\nditto -ck --keepParent \"$PROJECT_NAME.app\" \"$ARCHIVE_FILENAME\"\n\nSIZE=$(stat -f %z \"$ARCHIVE_FILENAME\")\nPUBDATE=$(LC_TIME=en_US date +\"%a, %d %b %G %T %z\")\nSIGNATURE=$(\n\topenssl dgst -sha1 -binary < \"$ARCHIVE_FILENAME\" \\\n\t| openssl dgst -dss1 -sign <(security find-generic-password -g -s \"$KEYCHAIN_PRIVKEY_NAME\" 2>&1 1>/dev/null | perl -pe '($_) = /\"(.+)\"/; s/\\\\012/\\n/g' | perl -MXML::LibXML -e 'print XML::LibXML->new()->parse_file(\"-\")->findvalue(q(//string[preceding-sibling::key[1] = \"NOTE\"]))') \\\n\t| openssl enc -base64\n)\n\n[ $SIGNATURE ] || { echo Unable to load signing private key with name \"'$KEYCHAIN_PRIVKEY_NAME'\" from keychain; false; }\n\ncat <<EOF\n\t\t<item>\n\t\t\t<title>Version $VERSION</title>\n\t\t\t<sparkle:releaseNotesLink>$RELEASENOTES_URL</sparkle:releaseNotesLink>\n\t\t\t<pubDate>$PUBDATE</pubDate>\n\t\t\t<enclosure\n\t\t\t\turl=\"$DOWNLOAD_URL\"\n\t\t\t\tsparkle:version=\"$VERSION\"\n\t\t\t\ttype=\"application/octet-stream\"\n\t\t\t\tlength=\"$SIZE\"\n\t\t\t\tsparkle:dsaSignature=\"$SIGNATURE\"\n\t\t\t/>\n\t\t</item>\nEOF\n\necho scp \"'$HOME/svn/my-cool-app/build/Release/$ARCHIVE_FILENAME'\" www.example.com:download/\necho scp \"'$WD/appcast.xml'\" www.example.com:web/software/my-cool-app/appcast.xml\n";
		};
		BEB4A74C135DAEDE004CF7C9 /* ShellScript */ = {
			isa = PBXShellScriptBuildPhase;
			buildActionMask = 2147483647;
			files = (
			);
			inputPaths = (
			);
			outputPaths = (
			);
			runOnlyForDeploymentPostprocessing = 0;
			shellPath = /bin/sh;
			shellScript = "# Run the unit tests in this test bundle.\n\"${SYSTEM_DEVELOPER_DIR}/Tools/RunUnitTests\"\n";
		};
/* End PBXShellScriptBuildPhase section */

/* Begin PBXSourcesBuildPhase section */
		8D11072C0486CEB800E47090 /* Sources */ = {
			isa = PBXSourcesBuildPhase;
			buildActionMask = 2147483647;
			files = (
				8D11072D0486CEB800E47090 /* main.m in Sources */,
				256AC3DA0F4B6AC300CF3369 /* SubFinderAppDelegate.m in Sources */,
				BE888D68132BBB2C00191768 /* HTMLNode.m in Sources */,
				BE888D69132BBB2C00191768 /* HTMLParser.m in Sources */,
				BE4BDFFB1369EC5E00078374 /* SubSource.m in Sources */,
				BE4BDFFE1369ED6900078374 /* SubFile.m in Sources */,
				BE4BE0011369EDBA00078374 /* Logger.m in Sources */,
				BE4081D0138100EB00753391 /* Unzipper.m in Sources */,
			);
			runOnlyForDeploymentPostprocessing = 0;
		};
		BEB4A74A135DAEDE004CF7C9 /* Sources */ = {
			isa = PBXSourcesBuildPhase;
			buildActionMask = 2147483647;
			files = (
				BEB4A75F135DB0BF004CF7C9 /* SubFinderTest.m in Sources */,
			);
			runOnlyForDeploymentPostprocessing = 0;
		};
/* End PBXSourcesBuildPhase section */

/* Begin PBXTargetDependency section */
		BE40824B138127B400753391 /* PBXTargetDependency */ = {
			isa = PBXTargetDependency;
			target = 8D1107260486CEB800E47090 /* SubFinder */;
			targetProxy = BE40824A138127B400753391 /* PBXContainerItemProxy */;
		};
/* End PBXTargetDependency section */

/* Begin PBXVariantGroup section */
		089C165CFE840E0CC02AAC07 /* InfoPlist.strings */ = {
			isa = PBXVariantGroup;
			children = (
				089C165DFE840E0CC02AAC07 /* English */,
			);
			name = InfoPlist.strings;
			sourceTree = "<group>";
		};
		1DDD58140DA1D0A300B32029 /* MainMenu.xib */ = {
			isa = PBXVariantGroup;
			children = (
				1DDD58150DA1D0A300B32029 /* English */,
			);
			name = MainMenu.xib;
			sourceTree = "<group>";
		};
/* End PBXVariantGroup section */

/* Begin XCBuildConfiguration section */
		BE72ECA41352F10600B09E39 /* Debug */ = {
			isa = XCBuildConfiguration;
			buildSettings = {
				COPY_PHASE_STRIP = NO;
				GCC_DYNAMIC_NO_PIC = NO;
				GCC_OPTIMIZATION_LEVEL = 0;
				PRODUCT_NAME = Distribution;
			};
			name = Debug;
		};
		BE72ECA51352F10600B09E39 /* Release */ = {
			isa = XCBuildConfiguration;
			buildSettings = {
				COPY_PHASE_STRIP = YES;
				DEBUG_INFORMATION_FORMAT = "dwarf-with-dsym";
				GCC_ENABLE_FIX_AND_CONTINUE = NO;
				PRODUCT_NAME = Distribution;
				ZERO_LINK = NO;
			};
			name = Release;
		};
		BEB4A750135DAEDE004CF7C9 /* Debug */ = {
			isa = XCBuildConfiguration;
			buildSettings = {
				ALWAYS_SEARCH_USER_PATHS = NO;
				COPY_PHASE_STRIP = NO;
				FRAMEWORK_SEARCH_PATHS = "$(DEVELOPER_LIBRARY_DIR)/Frameworks";
				GCC_DYNAMIC_NO_PIC = NO;
				GCC_ENABLE_FIX_AND_CONTINUE = NO;
				GCC_ENABLE_OBJC_EXCEPTIONS = YES;
				GCC_MODEL_TUNING = G5;
				GCC_OPTIMIZATION_LEVEL = 0;
				GCC_PRECOMPILE_PREFIX_HEADER = YES;
				GCC_PREFIX_HEADER = "$(SYSTEM_LIBRARY_DIR)/Frameworks/Cocoa.framework/Headers/Cocoa.h";
				INFOPLIST_FILE = "UnitTests-Info.plist";
				INSTALL_PATH = "$(USER_LIBRARY_DIR)/Bundles";
				OTHER_LDFLAGS = (
					"-framework",
					Cocoa,
					"-framework",
					SenTestingKit,
				);
				PREBINDING = NO;
				PRODUCT_NAME = UnitTests;
				WRAPPER_EXTENSION = octest;
			};
			name = Debug;
		};
		BEB4A751135DAEDE004CF7C9 /* Release */ = {
			isa = XCBuildConfiguration;
			buildSettings = {
				ALWAYS_SEARCH_USER_PATHS = NO;
				COPY_PHASE_STRIP = YES;
				DEBUG_INFORMATION_FORMAT = "dwarf-with-dsym";
				FRAMEWORK_SEARCH_PATHS = "$(DEVELOPER_LIBRARY_DIR)/Frameworks";
				GCC_ENABLE_FIX_AND_CONTINUE = NO;
				GCC_ENABLE_OBJC_EXCEPTIONS = YES;
				GCC_MODEL_TUNING = G5;
				GCC_PRECOMPILE_PREFIX_HEADER = YES;
				GCC_PREFIX_HEADER = "$(SYSTEM_LIBRARY_DIR)/Frameworks/Cocoa.framework/Headers/Cocoa.h";
				INFOPLIST_FILE = "UnitTests-Info.plist";
				INSTALL_PATH = "$(USER_LIBRARY_DIR)/Bundles";
				OTHER_LDFLAGS = (
					"-framework",
					Cocoa,
					"-framework",
					SenTestingKit,
				);
				PREBINDING = NO;
				PRODUCT_NAME = UnitTests;
				WRAPPER_EXTENSION = octest;
				ZERO_LINK = NO;
			};
			name = Release;
		};
		C01FCF4B08A954540054247B /* Debug */ = {
			isa = XCBuildConfiguration;
			buildSettings = {
				ALWAYS_SEARCH_USER_PATHS = NO;
				COPY_PHASE_STRIP = NO;
				FRAMEWORK_SEARCH_PATHS = (
					"$(inherited)",
					"\"$(DEVELOPER_DIR)/Local/Frameworks\"",
					"\"$(SRCROOT)\"",
				);
				GCC_DYNAMIC_NO_PIC = NO;
				GCC_ENABLE_FIX_AND_CONTINUE = YES;
				GCC_MODEL_TUNING = G5;
				GCC_OPTIMIZATION_LEVEL = 0;
				GCC_PRECOMPILE_PREFIX_HEADER = YES;
				GCC_PREFIX_HEADER = SubFinder_Prefix.pch;
				INFOPLIST_FILE = "SubFinder-Info.plist";
				INSTALL_PATH = "$(HOME)/Applications";
				PRODUCT_NAME = SubFinder;
			};
			name = Debug;
		};
		C01FCF4C08A954540054247B /* Release */ = {
			isa = XCBuildConfiguration;
			buildSettings = {
				ALWAYS_SEARCH_USER_PATHS = NO;
				DEBUG_INFORMATION_FORMAT = "dwarf-with-dsym";
				FRAMEWORK_SEARCH_PATHS = (
					"$(inherited)",
					"\"$(DEVELOPER_DIR)/Local/Frameworks\"",
					"\"$(SRCROOT)\"",
				);
				GCC_MODEL_TUNING = G5;
				GCC_PRECOMPILE_PREFIX_HEADER = YES;
				GCC_PREFIX_HEADER = SubFinder_Prefix.pch;
				INFOPLIST_FILE = "SubFinder-Info.plist";
				INSTALL_PATH = "$(HOME)/Applications";
				PRODUCT_NAME = SubFinder;
			};
			name = Release;
		};
		C01FCF4F08A954540054247B /* Debug */ = {
			isa = XCBuildConfiguration;
			buildSettings = {
				ARCHS = "$(ARCHS_STANDARD_32_64_BIT)";
				GCC_C_LANGUAGE_STANDARD = gnu99;
				GCC_OPTIMIZATION_LEVEL = 0;
				GCC_WARN_ABOUT_RETURN_TYPE = YES;
				GCC_WARN_UNUSED_VARIABLE = YES;
				HEADER_SEARCH_PATHS = "/usr/include/libxml2/**";
				ONLY_ACTIVE_ARCH = YES;
				OTHER_LDFLAGS = "-lxml2";
				PREBINDING = NO;
				SDKROOT = macosx10.6;
			};
			name = Debug;
		};
		C01FCF5008A954540054247B /* Release */ = {
			isa = XCBuildConfiguration;
			buildSettings = {
				ARCHS = "$(ARCHS_STANDARD_32_64_BIT)";
				GCC_C_LANGUAGE_STANDARD = gnu99;
				GCC_WARN_ABOUT_RETURN_TYPE = YES;
				GCC_WARN_UNUSED_VARIABLE = YES;
				HEADER_SEARCH_PATHS = "/usr/include/libxml2/**";
				OTHER_LDFLAGS = "-lxml2";
				PREBINDING = NO;
				SDKROOT = macosx10.6;
			};
			name = Release;
		};
/* End XCBuildConfiguration section */

/* Begin XCConfigurationList section */
		BE72ECB11352F10800B09E39 /* Build configuration list for PBXAggregateTarget "Distribution" */ = {
			isa = XCConfigurationList;
			buildConfigurations = (
				BE72ECA41352F10600B09E39 /* Debug */,
				BE72ECA51352F10600B09E39 /* Release */,
			);
			defaultConfigurationIsVisible = 0;
			defaultConfigurationName = Release;
		};
		BEB4A752135DAEDE004CF7C9 /* Build configuration list for PBXNativeTarget "UnitTests" */ = {
			isa = XCConfigurationList;
			buildConfigurations = (
				BEB4A750135DAEDE004CF7C9 /* Debug */,
				BEB4A751135DAEDE004CF7C9 /* Release */,
			);
			defaultConfigurationIsVisible = 0;
			defaultConfigurationName = Release;
		};
		C01FCF4A08A954540054247B /* Build configuration list for PBXNativeTarget "SubFinder" */ = {
			isa = XCConfigurationList;
			buildConfigurations = (
				C01FCF4B08A954540054247B /* Debug */,
				C01FCF4C08A954540054247B /* Release */,
			);
			defaultConfigurationIsVisible = 0;
			defaultConfigurationName = Release;
		};
		C01FCF4E08A954540054247B /* Build configuration list for PBXProject "SubFinder" */ = {
			isa = XCConfigurationList;
			buildConfigurations = (
				C01FCF4F08A954540054247B /* Debug */,
				C01FCF5008A954540054247B /* Release */,
			);
			defaultConfigurationIsVisible = 0;
			defaultConfigurationName = Release;
		};
/* End XCConfigurationList section */
	};
	rootObject = 29B97313FDCFA39411CA2CEA /* Project object */;
}
